# THIS IS AN AUTOGENERATED FILE. DO NOT EDIT THIS FILE DIRECTLY.
# yarn lockfile v1


"@korzio/djv-draft-04@^2.0.0":
  version "2.0.0"
  resolved "https://registry.yarnpkg.com/@korzio/djv-draft-04/-/djv-draft-04-2.0.0.tgz#9b459a6c72b2a9c50bf4ef1d249bdb58dd840566"

djv@^2.0.0:
  version "2.0.0"
  resolved "https://registry.yarnpkg.com/djv/-/djv-2.0.0.tgz#0918ca5830a7e666f13a1977764ddf1cc2998254"
  optionalDependencies:
    "@korzio/djv-draft-04" "^2.0.0"
